
Microsoft Visual Studio Solution File, Format Version 11.00
# Visual C# Express 2010
Project("{FAE04EC0-301F-11D3-BF4B-00C04F79EFBC}") = "AlquilaVehiculo", "AlquilaVehiculo\AlquilaVehiculo.csproj", "{00FA491A-3D2E-4622-9C3D-B9F94817FE60}"
EndProject
Global
	GlobalSection(SolutionConfigurationPlatforms) = preSolution
		Debug|x86 = Debug|x86
		Release|x86 = Release|x86
	EndGlobalSection
	GlobalSection(ProjectConfigurationPlatforms) = postSolution
		{00FA491A-3D2E-4622-9C3D-B9F94817FE60}.Debug|x86.ActiveCfg = Debug|x86
		{00FA491A-3D2E-4622-9C3D-B9F94817FE60}.Debug|x86.Build.0 = Debug|x86
		{00FA491A-3D2E-4622-9C3D-B9F94817FE60}.Release|x86.ActiveCfg = Release|x86
		{00FA491A-3D2E-4622-9C3D-B9F94817FE60}.Release|x86.Build.0 = Release|x86
	EndGlobalSection
	GlobalSection(SolutionProperties) = preSolution
		HideSolutionNode = FALSE
	EndGlobalSection
EndGlobal
